
Microsoft Visual Studio Solution File, Format Version 12.00
# Visual Studio Version 17
VisualStudioVersion = 17.11.35327.3
MinimumVisualStudioVersion = 10.0.40219.1
Project("{2150E333-8FDC-42A3-9474-1A3956D46DE8}") = "PL", "PL", "{02EA681E-C7D8-13C7-8484-4AC65E1B71E8}"
EndProject
Project("{2150E333-8FDC-42A3-9474-1A3956D46DE8}") = "DAL", "DAL", "{CEA9E41B-A131-4D1D-B901-2C06D3DF30E0}"
EndProject
Project("{2150E333-8FDC-42A3-9474-1A3956D46DE8}") = "BLL", "BLL", "{C10068B2-B8A6-4FE7-9B60-43E59909EB31}"
EndProject
Project("{2150E333-8FDC-42A3-9474-1A3956D46DE8}") = "Common", "Common", "{BFA0362F-67F3-4029-8D52-20981273C411}"
EndProject
Project("{FAE04EC0-301F-11D3-BF4B-00C04F79EFBC}") = "CompanyDirectory.Common.Entities", "CompanyDirectory.Common.Entities\CompanyDirectory.Common.Entities.csproj", "{EDF7A281-35AE-4BE4-AED5-3A325BA6B53B}"
EndProject
Project("{FAE04EC0-301F-11D3-BF4B-00C04F79EFBC}") = "CompanyDirectory.BLL.Logic", "CompanyDirectory.BLL.Logic\CompanyDirectory.BLL.Logic.csproj", "{BD34E000-6785-40DA-AFE7-692FB3054FB6}"
EndProject
Project("{FAE04EC0-301F-11D3-BF4B-00C04F79EFBC}") = "CompanyDirectory.BLL.Logic.Contracts", "CompanyDirectory.BLL.Logic.Contrcats\CompanyDirectory.BLL.Logic.Contracts.csproj", "{470AD548-3589-4812-A773-8AC06950CB35}"
EndProject
Project("{FAE04EC0-301F-11D3-BF4B-00C04F79EFBC}") = "CompanyDirectory.DAL.Repository", "CompanyDirectory.DAL.Repository\CompanyDirectory.DAL.Repository.csproj", "{E3BA1A19-9F4F-442C-9FFE-950CD9DC47E9}"
EndProject
Project("{FAE04EC0-301F-11D3-BF4B-00C04F79EFBC}") = "CompanyDirectory.DAL.Repository.Contracts", "CompanyDirectory.DAL.Repository.Contracts\CompanyDirectory.DAL.Repository.Contracts.csproj", "{C35BEB04-5FD2-402A-BF8F-8AACA63EFBC3}"
EndProject
Project("{FAE04EC0-301F-11D3-BF4B-00C04F79EFBC}") = "CompanyDirectory.PL.WebAPI", "CompanyDirectory.PL.WebAPI\CompanyDirectory.PL.WebAPI.csproj", "{198684A2-F0E0-4B2D-BB41-4B5F1B28FD26}"
EndProject
Project("{2150E333-8FDC-42A3-9474-1A3956D46DE8}") = "Backend", "Backend", "{EB4C6E4C-5669-4EE2-AE90-4931F4760B44}"
EndProject
Project("{2150E333-8FDC-42A3-9474-1A3956D46DE8}") = "Frontend", "Frontend", "{EBD32591-90BE-4FB5-81C5-612C8B302606}"
EndProject
Project("{54A90642-561A-4BB1-A94E-469ADEE60C69}") = "CompanyDirectory.Angular", "CompanyDirectory.Angular\CompanyDirectory.Angular.esproj", "{826880D1-5F62-4819-BF79-7E72A505FC54}"
EndProject
Global
	GlobalSection(SolutionConfigurationPlatforms) = preSolution
		Debug|Any CPU = Debug|Any CPU
		Release|Any CPU = Release|Any CPU
	EndGlobalSection
	GlobalSection(ProjectConfigurationPlatforms) = postSolution
		{EDF7A281-35AE-4BE4-AED5-3A325BA6B53B}.Debug|Any CPU.ActiveCfg = Debug|Any CPU
		{EDF7A281-35AE-4BE4-AED5-3A325BA6B53B}.Debug|Any CPU.Build.0 = Debug|Any CPU
		{EDF7A281-35AE-4BE4-AED5-3A325BA6B53B}.Release|Any CPU.ActiveCfg = Release|Any CPU
		{EDF7A281-35AE-4BE4-AED5-3A325BA6B53B}.Release|Any CPU.Build.0 = Release|Any CPU
		{BD34E000-6785-40DA-AFE7-692FB3054FB6}.Debug|Any CPU.ActiveCfg = Debug|Any CPU
		{BD34E000-6785-40DA-AFE7-692FB3054FB6}.Debug|Any CPU.Build.0 = Debug|Any CPU
		{BD34E000-6785-40DA-AFE7-692FB3054FB6}.Release|Any CPU.ActiveCfg = Release|Any CPU
		{BD34E000-6785-40DA-AFE7-692FB3054FB6}.Release|Any CPU.Build.0 = Release|Any CPU
		{470AD548-3589-4812-A773-8AC06950CB35}.Debug|Any CPU.ActiveCfg = Debug|Any CPU
		{470AD548-3589-4812-A773-8AC06950CB35}.Debug|Any CPU.Build.0 = Debug|Any CPU
		{470AD548-3589-4812-A773-8AC06950CB35}.Release|Any CPU.ActiveCfg = Release|Any CPU
		{470AD548-3589-4812-A773-8AC06950CB35}.Release|Any CPU.Build.0 = Release|Any CPU
		{E3BA1A19-9F4F-442C-9FFE-950CD9DC47E9}.Debug|Any CPU.ActiveCfg = Debug|Any CPU
		{E3BA1A19-9F4F-442C-9FFE-950CD9DC47E9}.Debug|Any CPU.Build.0 = Debug|Any CPU
		{E3BA1A19-9F4F-442C-9FFE-950CD9DC47E9}.Release|Any CPU.ActiveCfg = Release|Any CPU
		{E3BA1A19-9F4F-442C-9FFE-950CD9DC47E9}.Release|Any CPU.Build.0 = Release|Any CPU
		{C35BEB04-5FD2-402A-BF8F-8AACA63EFBC3}.Debug|Any CPU.ActiveCfg = Debug|Any CPU
		{C35BEB04-5FD2-402A-BF8F-8AACA63EFBC3}.Debug|Any CPU.Build.0 = Debug|Any CPU
		{C35BEB04-5FD2-402A-BF8F-8AACA63EFBC3}.Release|Any CPU.ActiveCfg = Release|Any CPU
		{C35BEB04-5FD2-402A-BF8F-8AACA63EFBC3}.Release|Any CPU.Build.0 = Release|Any CPU
		{198684A2-F0E0-4B2D-BB41-4B5F1B28FD26}.Debug|Any CPU.ActiveCfg = Debug|Any CPU
		{198684A2-F0E0-4B2D-BB41-4B5F1B28FD26}.Debug|Any CPU.Build.0 = Debug|Any CPU
		{198684A2-F0E0-4B2D-BB41-4B5F1B28FD26}.Release|Any CPU.ActiveCfg = Release|Any CPU
		{198684A2-F0E0-4B2D-BB41-4B5F1B28FD26}.Release|Any CPU.Build.0 = Release|Any CPU
		{826880D1-5F62-4819-BF79-7E72A505FC54}.Debug|Any CPU.ActiveCfg = Debug|Any CPU
		{826880D1-5F62-4819-BF79-7E72A505FC54}.Debug|Any CPU.Build.0 = Debug|Any CPU
		{826880D1-5F62-4819-BF79-7E72A505FC54}.Debug|Any CPU.Deploy.0 = Debug|Any CPU
		{826880D1-5F62-4819-BF79-7E72A505FC54}.Release|Any CPU.ActiveCfg = Release|Any CPU
		{826880D1-5F62-4819-BF79-7E72A505FC54}.Release|Any CPU.Build.0 = Release|Any CPU
		{826880D1-5F62-4819-BF79-7E72A505FC54}.Release|Any CPU.Deploy.0 = Release|Any CPU
	EndGlobalSection
	GlobalSection(SolutionProperties) = preSolution
		HideSolutionNode = FALSE
	EndGlobalSection
	GlobalSection(NestedProjects) = preSolution
		{02EA681E-C7D8-13C7-8484-4AC65E1B71E8} = {EB4C6E4C-5669-4EE2-AE90-4931F4760B44}
		{CEA9E41B-A131-4D1D-B901-2C06D3DF30E0} = {EB4C6E4C-5669-4EE2-AE90-4931F4760B44}
		{C10068B2-B8A6-4FE7-9B60-43E59909EB31} = {EB4C6E4C-5669-4EE2-AE90-4931F4760B44}
		{BFA0362F-67F3-4029-8D52-20981273C411} = {EB4C6E4C-5669-4EE2-AE90-4931F4760B44}
		{EDF7A281-35AE-4BE4-AED5-3A325BA6B53B} = {BFA0362F-67F3-4029-8D52-20981273C411}
		{BD34E000-6785-40DA-AFE7-692FB3054FB6} = {C10068B2-B8A6-4FE7-9B60-43E59909EB31}
		{470AD548-3589-4812-A773-8AC06950CB35} = {C10068B2-B8A6-4FE7-9B60-43E59909EB31}
		{E3BA1A19-9F4F-442C-9FFE-950CD9DC47E9} = {CEA9E41B-A131-4D1D-B901-2C06D3DF30E0}
		{C35BEB04-5FD2-402A-BF8F-8AACA63EFBC3} = {CEA9E41B-A131-4D1D-B901-2C06D3DF30E0}
		{198684A2-F0E0-4B2D-BB41-4B5F1B28FD26} = {02EA681E-C7D8-13C7-8484-4AC65E1B71E8}
		{826880D1-5F62-4819-BF79-7E72A505FC54} = {EBD32591-90BE-4FB5-81C5-612C8B302606}
	EndGlobalSection
	GlobalSection(ExtensibilityGlobals) = postSolution
		SolutionGuid = {8AC47DCD-D096-40F1-85CC-2167F5AB5270}
	EndGlobalSection
EndGlobal
